
Microsoft Visual Studio Solution File, Format Version 12.00
Project("{FAE04EC0-301F-11D3-BF4B-00C04F79EFBC}") = "MVC", "MVC\MVC.csproj", "{EBB1C86D-1433-4914-B919-2956B671B400}"
EndProject
Global
	GlobalSection(SolutionConfigurationPlatforms) = preSolution
		Debug|Any CPU = Debug|Any CPU
		Release|Any CPU = Release|Any CPU
	EndGlobalSection
	GlobalSection(ProjectConfigurationPlatforms) = postSolution
		{EBB1C86D-1433-4914-B919-2956B671B400}.Debug|Any CPU.ActiveCfg = Debug|Any CPU
		{EBB1C86D-1433-4914-B919-2956B671B400}.Debug|Any CPU.Build.0 = Debug|Any CPU
		{EBB1C86D-1433-4914-B919-2956B671B400}.Release|Any CPU.ActiveCfg = Release|Any CPU
		{EBB1C86D-1433-4914-B919-2956B671B400}.Release|Any CPU.Build.0 = Release|Any CPU
	EndGlobalSection
EndGlobal
